
Microsoft Visual Studio Solution File, Format Version 12.00
# Visual Studio Version 17
VisualStudioVersion = 17.6.33829.357
MinimumVisualStudioVersion = 10.0.40219.1
Project("{FAE04EC0-301F-11D3-BF4B-00C04F79EFBC}") = "MyForgeAppHubsBrowser", "MyForgeAppHubsBrowser\MyForgeAppHubsBrowser.csproj", "{14E418D4-A272-4777-80BD-DE72C3776331}"
EndProject
Global
	GlobalSection(SolutionConfigurationPlatforms) = preSolution
		Debug|Any CPU = Debug|Any CPU
		Release|Any CPU = Release|Any CPU
	EndGlobalSection
	GlobalSection(ProjectConfigurationPlatforms) = postSolution
		{14E418D4-A272-4777-80BD-DE72C3776331}.Debug|Any CPU.ActiveCfg = Debug|Any CPU
		{14E418D4-A272-4777-80BD-DE72C3776331}.Debug|Any CPU.Build.0 = Debug|Any CPU
		{14E418D4-A272-4777-80BD-DE72C3776331}.Release|Any CPU.ActiveCfg = Release|Any CPU
		{14E418D4-A272-4777-80BD-DE72C3776331}.Release|Any CPU.Build.0 = Release|Any CPU
	EndGlobalSection
	GlobalSection(SolutionProperties) = preSolution
		HideSolutionNode = FALSE
	EndGlobalSection
	GlobalSection(ExtensibilityGlobals) = postSolution
		SolutionGuid = {65E36AAF-48FA-4EE2-9DDC-41472719B623}
	EndGlobalSection
EndGlobal
